
Microsoft Visual Studio Solution File, Format Version 12.00
# Visual Studio Version 16
VisualStudioVersion = 16.0.30621.155
MinimumVisualStudioVersion = 10.0.40219.1
Project("{9A19103F-16F7-4668-BE54-9A1E7A4F7556}") = "AdvisementManagerWebApp", "AdvisementManagerWebApp\AdvisementManagerWebApp.csproj", "{9E413523-03E9-41DD-BFB6-45D8E7C2D993}"
EndProject
Project("{9A19103F-16F7-4668-BE54-9A1E7A4F7556}") = "AdvisementManagerDesktopApp", "AdvisementManagerDesktopApp\AdvisementManagerDesktopApp.csproj", "{0CCF132A-8871-4318-9DBA-AFED4C1D8601}"
EndProject
Project("{9A19103F-16F7-4668-BE54-9A1E7A4F7556}") = "AdvisementManagerWebAppUnitTesting", "AdvisementManagerDesktopUnitTesting\AdvisementManagerWebAppUnitTesting.csproj", "{28EBAA0B-4C1B-4AA1-A708-33413B88BAA1}"
EndProject
Global
	GlobalSection(SolutionConfigurationPlatforms) = preSolution
		Debug|Any CPU = Debug|Any CPU
		Release|Any CPU = Release|Any CPU
	EndGlobalSection
	GlobalSection(ProjectConfigurationPlatforms) = postSolution
		{9E413523-03E9-41DD-BFB6-45D8E7C2D993}.Debug|Any CPU.ActiveCfg = Debug|Any CPU
		{9E413523-03E9-41DD-BFB6-45D8E7C2D993}.Debug|Any CPU.Build.0 = Debug|Any CPU
		{9E413523-03E9-41DD-BFB6-45D8E7C2D993}.Release|Any CPU.ActiveCfg = Release|Any CPU
		{9E413523-03E9-41DD-BFB6-45D8E7C2D993}.Release|Any CPU.Build.0 = Release|Any CPU
		{0CCF132A-8871-4318-9DBA-AFED4C1D8601}.Debug|Any CPU.ActiveCfg = Debug|Any CPU
		{0CCF132A-8871-4318-9DBA-AFED4C1D8601}.Debug|Any CPU.Build.0 = Debug|Any CPU
		{0CCF132A-8871-4318-9DBA-AFED4C1D8601}.Release|Any CPU.ActiveCfg = Release|Any CPU
		{0CCF132A-8871-4318-9DBA-AFED4C1D8601}.Release|Any CPU.Build.0 = Release|Any CPU
		{28EBAA0B-4C1B-4AA1-A708-33413B88BAA1}.Debug|Any CPU.ActiveCfg = Debug|Any CPU
		{28EBAA0B-4C1B-4AA1-A708-33413B88BAA1}.Debug|Any CPU.Build.0 = Debug|Any CPU
		{28EBAA0B-4C1B-4AA1-A708-33413B88BAA1}.Release|Any CPU.ActiveCfg = Release|Any CPU
		{28EBAA0B-4C1B-4AA1-A708-33413B88BAA1}.Release|Any CPU.Build.0 = Release|Any CPU
	EndGlobalSection
	GlobalSection(SolutionProperties) = preSolution
		HideSolutionNode = FALSE
	EndGlobalSection
	GlobalSection(ExtensibilityGlobals) = postSolution
		SolutionGuid = {BC0F3368-F3B5-4450-8294-90DF0436ACC2}
	EndGlobalSection
EndGlobal
